
Microsoft Visual Studio Solution File, Format Version 12.00
# Visual Studio 14
VisualStudioVersion = 14.0.25123.0
MinimumVisualStudioVersion = 10.0.40219.1
Project("{A78756EC-2D98-4DD4-A238-53CCE1051612}") = "Sitecore.Support.294737", "Sitecore.Support.294737\Sitecore.Support.294737.csproj", "{1FA09810-9F96-4234-9F9E-D202ABE76386}"
EndProject
Global
	GlobalSection(SolutionConfigurationPlatforms) = preSolution
		Debug|Any CPU = Debug|Any CPU
		Release|Any CPU = Release|Any CPU
	EndGlobalSection
	GlobalSection(ProjectConfigurationPlatforms) = postSolution
		{1FA09810-9F96-4234-9F9E-D202ABE76386}.Debug|Any CPU.ActiveCfg = Debug|Any CPU
		{1FA09810-9F96-4234-9F9E-D202ABE76386}.Debug|Any CPU.Build.0 = Debug|Any CPU
		{1FA09810-9F96-4234-9F9E-D202ABE76386}.Release|Any CPU.ActiveCfg = Release|Any CPU
		{1FA09810-9F96-4234-9F9E-D202ABE76386}.Release|Any CPU.Build.0 = Release|Any CPU
	EndGlobalSection
	GlobalSection(SolutionProperties) = preSolution
		HideSolutionNode = FALSE
	EndGlobalSection
EndGlobal
